// !$*UTF8*$!
{
	archiveVersion = 1;
	classes = {
	};
	objectVersion = 50;
	objects = {

/* Begin PBXBuildFile section */
		B32C676C26257B6B00BC58C1 /* AppDelegate.swift in Sources */ = {isa = PBXBuildFile; fileRef = B32C676B26257B6B00BC58C1 /* AppDelegate.swift */; };
		B32C676E26257B6B00BC58C1 /* SceneDelegate.swift in Sources */ = {isa = PBXBuildFile; fileRef = B32C676D26257B6B00BC58C1 /* SceneDelegate.swift */; };
		B32C677026257B6B00BC58C1 /* ViewController.swift in Sources */ = {isa = PBXBuildFile; fileRef = B32C676F26257B6B00BC58C1 /* ViewController.swift */; };
		B32C677326257B6B00BC58C1 /* Main.storyboard in Resources */ = {isa = PBXBuildFile; fileRef = B32C677126257B6B00BC58C1 /* Main.storyboard */; };
		B32C677526257B6F00BC58C1 /* Assets.xcassets in Resources */ = {isa = PBXBuildFile; fileRef = B32C677426257B6F00BC58C1 /* Assets.xcassets */; };
		B32C677826257B6F00BC58C1 /* LaunchScreen.storyboard in Resources */ = {isa = PBXBuildFile; fileRef = B32C677626257B6F00BC58C1 /* LaunchScreen.storyboard */; };
		B32C678126257D9A00BC58C1 /* ChooseSideViewController.swift in Sources */ = {isa = PBXBuildFile; fileRef = B32C678026257D9900BC58C1 /* ChooseSideViewController.swift */; };
		B361122326260AFF0080BF6E /* NameViewController.swift in Sources */ = {isa = PBXBuildFile; fileRef = B361122226260AFF0080BF6E /* NameViewController.swift */; };
		B361122726260B070080BF6E /* AgeViewController.swift in Sources */ = {isa = PBXBuildFile; fileRef = B361122626260B070080BF6E /* AgeViewController.swift */; };
		B361122A26260B100080BF6E /* ColorViewController.swift in Sources */ = {isa = PBXBuildFile; fileRef = B361122926260B100080BF6E /* ColorViewController.swift */; };
		B3C7E2162625F7ED00F8A2BF /* Data.swift in Sources */ = {isa = PBXBuildFile; fileRef = B3C7E2152625F7ED00F8A2BF /* Data.swift */; };
/* End PBXBuildFile section */

/* Begin PBXFileReference section */
		B32C676826257B6B00BC58C1 /* Protocols And Notifs.app */ = {isa = PBXFileReference; explicitFileType = wrapper.application; includeInIndex = 0; path = "Protocols And Notifs.app"; sourceTree = BUILT_PRODUCTS_DIR; };
		B32C676B26257B6B00BC58C1 /* AppDelegate.swift */ = {isa = PBXFileReference; lastKnownFileType = sourcecode.swift; path = AppDelegate.swift; sourceTree = "<group>"; };
		B32C676D26257B6B00BC58C1 /* SceneDelegate.swift */ = {isa = PBXFileReference; lastKnownFileType = sourcecode.swift; path = SceneDelegate.swift; sourceTree = "<group>"; };
		B32C676F26257B6B00BC58C1 /* ViewController.swift */ = {isa = PBXFileReference; lastKnownFileType = sourcecode.swift; path = ViewController.swift; sourceTree = "<group>"; };
		B32C677226257B6B00BC58C1 /* Base */ = {isa = PBXFileReference; lastKnownFileType = file.storyboard; name = Base; path = Base.lproj/Main.storyboard; sourceTree = "<group>"; };
		B32C677426257B6F00BC58C1 /* Assets.xcassets */ = {isa = PBXFileReference; lastKnownFileType = folder.assetcatalog; path = Assets.xcassets; sourceTree = "<group>"; };
		B32C677726257B6F00BC58C1 /* Base */ = {isa = PBXFileReference; lastKnownFileType = file.storyboard; name = Base; path = Base.lproj/LaunchScreen.storyboard; sourceTree = "<group>"; };
		B32C677926257B6F00BC58C1 /* Info.plist */ = {isa = PBXFileReference; lastKnownFileType = text.plist.xml; path = Info.plist; sourceTree = "<group>"; };
		B32C678026257D9900BC58C1 /* ChooseSideViewController.swift */ = {isa = PBXFileReference; lastKnownFileType = sourcecode.swift; path = ChooseSideViewController.swift; sourceTree = "<group>"; };
		B361122226260AFF0080BF6E /* NameViewController.swift */ = {isa = PBXFileReference; lastKnownFileType = sourcecode.swift; path = NameViewController.swift; sourceTree = "<group>"; };
		B361122626260B070080BF6E /* AgeViewController.swift */ = {isa = PBXFileReference; lastKnownFileType = sourcecode.swift; path = AgeViewController.swift; sourceTree = "<group>"; };
		B361122926260B100080BF6E /* ColorViewController.swift */ = {isa = PBXFileReference; lastKnownFileType = sourcecode.swift; path = ColorViewController.swift; sourceTree = "<group>"; };
		B3C7E2152625F7ED00F8A2BF /* Data.swift */ = {isa = PBXFileReference; lastKnownFileType = sourcecode.swift; path = Data.swift; sourceTree = "<group>"; };
/* End PBXFileReference section */

/* Begin PBXFrameworksBuildPhase section */
		B32C676526257B6B00BC58C1 /* Frameworks */ = {
			isa = PBXFrameworksBuildPhase;
			buildActionMask = 2147483647;
			files = (
			);
			runOnlyForDeploymentPostprocessing = 0;
		};
/* End PBXFrameworksBuildPhase section */

/* Begin PBXGroup section */
		B32C675F26257B6B00BC58C1 = {
			isa = PBXGroup;
			children = (
				B32C676A26257B6B00BC58C1 /* Protocols And Notifs */,
				B32C676926257B6B00BC58C1 /* Products */,
			);
			sourceTree = "<group>";
		};
		B32C676926257B6B00BC58C1 /* Products */ = {
			isa = PBXGroup;
			children = (
				B32C676826257B6B00BC58C1 /* Protocols And Notifs.app */,
			);
			name = Products;
			sourceTree = "<group>";
		};
		B32C676A26257B6B00BC58C1 /* Protocols And Notifs */ = {
			isa = PBXGroup;
			children = (
				B361122126260AE00080BF6E /* ViewControllers */,
				B32C676B26257B6B00BC58C1 /* AppDelegate.swift */,
				B32C676D26257B6B00BC58C1 /* SceneDelegate.swift */,
				B32C677126257B6B00BC58C1 /* Main.storyboard */,
				B32C677426257B6F00BC58C1 /* Assets.xcassets */,
				B32C677626257B6F00BC58C1 /* LaunchScreen.storyboard */,
				B32C677926257B6F00BC58C1 /* Info.plist */,
				B3C7E2152625F7ED00F8A2BF /* Data.swift */,
			);
			path = "Protocols And Notifs";
			sourceTree = "<group>";
		};
		B361122126260AE00080BF6E /* ViewControllers */ = {
			isa = PBXGroup;
			children = (
				B32C678026257D9900BC58C1 /* ChooseSideViewController.swift */,
				B32C676F26257B6B00BC58C1 /* ViewController.swift */,
				B361122226260AFF0080BF6E /* NameViewController.swift */,
				B361122626260B070080BF6E /* AgeViewController.swift */,
				B361122926260B100080BF6E /* ColorViewController.swift */,
			);
			path = ViewControllers;
			sourceTree = "<group>";
		};
/* End PBXGroup section */

/* Begin PBXNativeTarget section */
		B32C676726257B6B00BC58C1 /* Protocols And Notifs */ = {
			isa = PBXNativeTarget;
			buildConfigurationList = B32C677C26257B6F00BC58C1 /* Build configuration list for PBXNativeTarget "Protocols And Notifs" */;
			buildPhases = (
				B32C676426257B6B00BC58C1 /* Sources */,
				B32C676526257B6B00BC58C1 /* Frameworks */,
				B32C676626257B6B00BC58C1 /* Resources */,
			);
			buildRules = (
			);
			dependencies = (
			);
			name = "Protocols And Notifs";
			productName = "Protocols And Notifs";
			productReference = B32C676826257B6B00BC58C1 /* Protocols And Notifs.app */;
			productType = "com.apple.product-type.application";
		};
/* End PBXNativeTarget section */

/* Begin PBXProject section */
		B32C676026257B6B00BC58C1 /* Project object */ = {
			isa = PBXProject;
			attributes = {
				LastSwiftUpdateCheck = 1240;
				LastUpgradeCheck = 1240;
				TargetAttributes = {
					B32C676726257B6B00BC58C1 = {
						CreatedOnToolsVersion = 12.4;
					};
				};
			};
			buildConfigurationList = B32C676326257B6B00BC58C1 /* Build configuration list for PBXProject "Protocols And Notifs" */;
			compatibilityVersion = "Xcode 9.3";
			developmentRegion = en;
			hasScannedForEncodings = 0;
			knownRegions = (
				en,
				Base,
			);
			mainGroup = B32C675F26257B6B00BC58C1;
			productRefGroup = B32C676926257B6B00BC58C1 /* Products */;
			projectDirPath = "";
			projectRoot = "";
			targets = (
				B32C676726257B6B00BC58C1 /* Protocols And Notifs */,
			);
		};
/* End PBXProject section */

/* Begin PBXResourcesBuildPhase section */
		B32C676626257B6B00BC58C1 /* Resources */ = {
			isa = PBXResourcesBuildPhase;
			buildActionMask = 2147483647;
			files = (
				B32C677826257B6F00BC58C1 /* LaunchScreen.storyboard in Resources */,
				B32C677526257B6F00BC58C1 /* Assets.xcassets in Resources */,
				B32C677326257B6B00BC58C1 /* Main.storyboard in Resources */,
			);
			runOnlyForDeploymentPostprocessing = 0;
		};
/* End PBXResourcesBuildPhase section */

/* Begin PBXSourcesBuildPhase section */
		B32C676426257B6B00BC58C1 /* Sources */ = {
			isa = PBXSourcesBuildPhase;
			buildActionMask = 2147483647;
			files = (
				B32C677026257B6B00BC58C1 /* ViewController.swift in Sources */,
				B3C7E2162625F7ED00F8A2BF /* Data.swift in Sources */,
				B361122A26260B100080BF6E /* ColorViewController.swift in Sources */,
				B361122726260B070080BF6E /* AgeViewController.swift in Sources */,
				B32C676C26257B6B00BC58C1 /* AppDelegate.swift in Sources */,
				B32C678126257D9A00BC58C1 /* ChooseSideViewController.swift in Sources */,
				B32C676E26257B6B00BC58C1 /* SceneDelegate.swift in Sources */,
				B361122326260AFF0080BF6E /* NameViewController.swift in Sources */,
			);
			runOnlyForDeploymentPostprocessing = 0;
		};
/* End PBXSourcesBuildPhase section */

/* Begin PBXVariantGroup section */
		B32C677126257B6B00BC58C1 /* Main.storyboard */ = {
			isa = PBXVariantGroup;
			children = (
				B32C677226257B6B00BC58C1 /* Base */,
			);
			name = Main.storyboard;
			sourceTree = "<group>";
		};
		B32C677626257B6F00BC58C1 /* LaunchScreen.storyboard */ = {
			isa = PBXVariantGroup;
			children = (
				B32C677726257B6F00BC58C1 /* Base */,
			);
			name = LaunchScreen.storyboard;
			sourceTree = "<group>";
		};
/* End PBXVariantGroup section */

/* Begin XCBuildConfiguration section */
		B32C677A26257B6F00BC58C1 /* Debug */ = {
			isa = XCBuildConfiguration;
			buildSettings = {
				ALWAYS_SEARCH_USER_PATHS = NO;
				CLANG_ANALYZER_NONNULL = YES;
				CLANG_ANALYZER_NUMBER_OBJECT_CONVERSION = YES_AGGRESSIVE;
				CLANG_CXX_LANGUAGE_STANDARD = "gnu++14";
				CLANG_CXX_LIBRARY = "libc++";
				CLANG_ENABLE_MODULES = YES;
				CLANG_ENABLE_OBJC_ARC = YES;
				CLANG_ENABLE_OBJC_WEAK = YES;
				CLANG_WARN_BLOCK_CAPTURE_AUTORELEASING = YES;
				CLANG_WARN_BOOL_CONVERSION = YES;
				CLANG_WARN_COMMA = YES;
				CLANG_WARN_CONSTANT_CONVERSION = YES;
				CLANG_WARN_DEPRECATED_OBJC_IMPLEMENTATIONS = YES;
				CLANG_WARN_DIRECT_OBJC_ISA_USAGE = YES_ERROR;
				CLANG_WARN_DOCUMENTATION_COMMENTS = YES;
				CLANG_WARN_EMPTY_BODY = YES;
				CLANG_WARN_ENUM_CONVERSION = YES;
				CLANG_WARN_INFINITE_RECURSION = YES;
				CLANG_WARN_INT_CONVERSION = YES;
				CLANG_WARN_NON_LITERAL_NULL_CONVERSION = YES;
				CLANG_WARN_OBJC_IMPLICIT_RETAIN_SELF = YES;
				CLANG_WARN_OBJC_LITERAL_CONVERSION = YES;
				CLANG_WARN_OBJC_ROOT_CLASS = YES_ERROR;
				CLANG_WARN_QUOTED_INCLUDE_IN_FRAMEWORK_HEADER = YES;
				CLANG_WARN_RANGE_LOOP_ANALYSIS = YES;
				CLANG_WARN_STRICT_PROTOTYPES = YES;
				CLANG_WARN_SUSPICIOUS_MOVE = YES;
				CLANG_WARN_UNGUARDED_AVAILABILITY = YES_AGGRESSIVE;
				CLANG_WARN_UNREACHABLE_CODE = YES;
				CLANG_WARN__DUPLICATE_METHOD_MATCH = YES;
				COPY_PHASE_STRIP = NO;
				DEBUG_INFORMATION_FORMAT = dwarf;
				ENABLE_STRICT_OBJC_MSGSEND = YES;
				ENABLE_TESTABILITY = YES;
				GCC_C_LANGUAGE_STANDARD = gnu11;
				GCC_DYNAMIC_NO_PIC = NO;
				GCC_NO_COMMON_BLOCKS = YES;
				GCC_OPTIMIZATION_LEVEL = 0;
				GCC_PREPROCESSOR_DEFINITIONS = (
					"DEBUG=1",
					"$(inherited)",
				);
				GCC_WARN_64_TO_32_BIT_CONVERSION = YES;
				GCC_WARN_ABOUT_RETURN_TYPE = YES_ERROR;
				GCC_WARN_UNDECLARED_SELECTOR = YES;
				GCC_WARN_UNINITIALIZED_AUTOS = YES_AGGRESSIVE;
				GCC_WARN_UNUSED_FUNCTION = YES;
				GCC_WARN_UNUSED_VARIABLE = YES;
				IPHONEOS_DEPLOYMENT_TARGET = 14.4;
				MTL_ENABLE_DEBUG_INFO = INCLUDE_SOURCE;
				MTL_FAST_MATH = YES;
				ONLY_ACTIVE_ARCH = YES;
				SDKROOT = iphoneos;
				SWIFT_ACTIVE_COMPILATION_CONDITIONS = DEBUG;
				SWIFT_OPTIMIZATION_LEVEL = "-Onone";
			};
			name = Debug;
		};
		B32C677B26257B6F00BC58C1 /* Release */ = {
			isa = XCBuildConfiguration;
			buildSettings = {
				ALWAYS_SEARCH_USER_PATHS = NO;
				CLANG_ANALYZER_NONNULL = YES;
				CLANG_ANALYZER_NUMBER_OBJECT_CONVERSION = YES_AGGRESSIVE;
				CLANG_CXX_LANGUAGE_STANDARD = "gnu++14";
				CLANG_CXX_LIBRARY = "libc++";
				CLANG_ENABLE_MODULES = YES;
				CLANG_ENABLE_OBJC_ARC = YES;
				CLANG_ENABLE_OBJC_WEAK = YES;
				CLANG_WARN_BLOCK_CAPTURE_AUTORELEASING = YES;
				CLANG_WARN_BOOL_CONVERSION = YES;
				CLANG_WARN_COMMA = YES;
				CLANG_WARN_CONSTANT_CONVERSION = YES;
				CLANG_WARN_DEPRECATED_OBJC_IMPLEMENTATIONS = YES;
				CLANG_WARN_DIRECT_OBJC_ISA_USAGE = YES_ERROR;
				CLANG_WARN_DOCUMENTATION_COMMENTS = YES;
				CLANG_WARN_EMPTY_BODY = YES;
				CLANG_WARN_ENUM_CONVERSION = YES;
				CLANG_WARN_INFINITE_RECURSION = YES;
				CLANG_WARN_INT_CONVERSION = YES;
				CLANG_WARN_NON_LITERAL_NULL_CONVERSION = YES;
				CLANG_WARN_OBJC_IMPLICIT_RETAIN_SELF = YES;
				CLANG_WARN_OBJC_LITERAL_CONVERSION = YES;
				CLANG_WARN_OBJC_ROOT_CLASS = YES_ERROR;
				CLANG_WARN_QUOTED_INCLUDE_IN_FRAMEWORK_HEADER = YES;
				CLANG_WARN_RANGE_LOOP_ANALYSIS = YES;
				CLANG_WARN_STRICT_PROTOTYPES = YES;
				CLANG_WARN_SUSPICIOUS_MOVE = YES;
				CLANG_WARN_UNGUARDED_AVAILABILITY = YES_AGGRESSIVE;
				CLANG_WARN_UNREACHABLE_CODE = YES;
				CLANG_WARN__DUPLICATE_METHOD_MATCH = YES;
				COPY_PHASE_STRIP = NO;
				DEBUG_INFORMATION_FORMAT = "dwarf-with-dsym";
				ENABLE_NS_ASSERTIONS = NO;
				ENABLE_STRICT_OBJC_MSGSEND = YES;
				GCC_C_LANGUAGE_STANDARD = gnu11;
				GCC_NO_COMMON_BLOCKS = YES;
				GCC_WARN_64_TO_32_BIT_CONVERSION = YES;
				GCC_WARN_ABOUT_RETURN_TYPE = YES_ERROR;
				GCC_WARN_UNDECLARED_SELECTOR = YES;
				GCC_WARN_UNINITIALIZED_AUTOS = YES_AGGRESSIVE;
				GCC_WARN_UNUSED_FUNCTION = YES;
				GCC_WARN_UNUSED_VARIABLE = YES;
				IPHONEOS_DEPLOYMENT_TARGET = 14.4;
				MTL_ENABLE_DEBUG_INFO = NO;
				MTL_FAST_MATH = YES;
				SDKROOT = iphoneos;
				SWIFT_COMPILATION_MODE = wholemodule;
				SWIFT_OPTIMIZATION_LEVEL = "-O";
				VALIDATE_PRODUCT = YES;
			};
			name = Release;
		};
		B32C677D26257B6F00BC58C1 /* Debug */ = {
			isa = XCBuildConfiguration;
			buildSettings = {
				ASSETCATALOG_COMPILER_APPICON_NAME = AppIcon;
				ASSETCATALOG_COMPILER_GLOBAL_ACCENT_COLOR_NAME = AccentColor;
				CODE_SIGN_STYLE = Automatic;
				DEVELOPMENT_TEAM = DDG47BLXBA;
				INFOPLIST_FILE = "Protocols And Notifs/Info.plist";
				LD_RUNPATH_SEARCH_PATHS = (
					"$(inherited)",
					"@executable_path/Frameworks",
				);
				PRODUCT_BUNDLE_IDENTIFIER = "com.twrotu.Protocols-And-Notifs";
				PRODUCT_NAME = "$(TARGET_NAME)";
				SWIFT_VERSION = 5.0;
				TARGETED_DEVICE_FAMILY = "1,2";
			};
			name = Debug;
		};
		B32C677E26257B6F00BC58C1 /* Release */ = {
			isa = XCBuildConfiguration;
			buildSettings = {
				ASSETCATALOG_COMPILER_APPICON_NAME = AppIcon;
				ASSETCATALOG_COMPILER_GLOBAL_ACCENT_COLOR_NAME = AccentColor;
				CODE_SIGN_STYLE = Automatic;
				DEVELOPMENT_TEAM = DDG47BLXBA;
				INFOPLIST_FILE = "Protocols And Notifs/Info.plist";
				LD_RUNPATH_SEARCH_PATHS = (
					"$(inherited)",
					"@executable_path/Frameworks",
				);
				PRODUCT_BUNDLE_IDENTIFIER = "com.twrotu.Protocols-And-Notifs";
				PRODUCT_NAME = "$(TARGET_NAME)";
				SWIFT_VERSION = 5.0;
				TARGETED_DEVICE_FAMILY = "1,2";
			};
			name = Release;
		};
/* End XCBuildConfiguration section */

/* Begin XCConfigurationList section */
		B32C676326257B6B00BC58C1 /* Build configuration list for PBXProject "Protocols And Notifs" */ = {
			isa = XCConfigurationList;
			buildConfigurations = (
				B32C677A26257B6F00BC58C1 /* Debug */,
				B32C677B26257B6F00BC58C1 /* Release */,
			);
			defaultConfigurationIsVisible = 0;
			defaultConfigurationName = Release;
		};
		B32C677C26257B6F00BC58C1 /* Build configuration list for PBXNativeTarget "Protocols And Notifs" */ = {
			isa = XCConfigurationList;
			buildConfigurations = (
				B32C677D26257B6F00BC58C1 /* Debug */,
				B32C677E26257B6F00BC58C1 /* Release */,
			);
			defaultConfigurationIsVisible = 0;
			defaultConfigurationName = Release;
		};
/* End XCConfigurationList section */
	};
	rootObject = B32C676026257B6B00BC58C1 /* Project object */;
}
